
Microsoft Visual Studio Solution File, Format Version 12.00
# Visual Studio Version 17
VisualStudioVersion = 17.0.31903.59
MinimumVisualStudioVersion = 10.0.40219.1
Project("{2150E333-8FDC-42A3-9474-1A3956D46DE8}") = "src", "src", "{CC1CF76E-C74B-4F72-BD5A-D15D9AF74019}"
EndProject
Project("{FAE04EC0-301F-11D3-BF4B-00C04F79EFBC}") = "MCmodsLoader.Core", "src\MCmodsLoader.Core\MCmodsLoader.Core.csproj", "{16111DDE-6C02-4E20-87DF-577573E506B6}"
EndProject
Project("{FAE04EC0-301F-11D3-BF4B-00C04F79EFBC}") = "MCmodsLoader.UI", "src\MCmodsLoader.UI\MCmodsLoader.UI.csproj", "{981C5D6E-447E-43AC-9065-96DB740FA14E}"
EndProject
Project("{2150E333-8FDC-42A3-9474-1A3956D46DE8}") = "tests", "tests", "{D518BF00-FFA6-4EC6-932A-C6582846F0DA}"
EndProject
Project("{FAE04EC0-301F-11D3-BF4B-00C04F79EFBC}") = "MCmodsLoader.Tests", "tests\MCmodsLoader.Tests\MCmodsLoader.Tests.csproj", "{FC6ED0B9-92A3-494A-9E5F-66AA2EABEDE8}"
EndProject
Global
	GlobalSection(SolutionConfigurationPlatforms) = preSolution
		Debug|Any CPU = Debug|Any CPU
		Release|Any CPU = Release|Any CPU
	EndGlobalSection
	GlobalSection(SolutionProperties) = preSolution
		HideSolutionNode = FALSE
	EndGlobalSection
	GlobalSection(ProjectConfigurationPlatforms) = postSolution
		{16111DDE-6C02-4E20-87DF-577573E506B6}.Debug|Any CPU.ActiveCfg = Debug|Any CPU
		{16111DDE-6C02-4E20-87DF-577573E506B6}.Debug|Any CPU.Build.0 = Debug|Any CPU
		{16111DDE-6C02-4E20-87DF-577573E506B6}.Release|Any CPU.ActiveCfg = Release|Any CPU
		{16111DDE-6C02-4E20-87DF-577573E506B6}.Release|Any CPU.Build.0 = Release|Any CPU
		{981C5D6E-447E-43AC-9065-96DB740FA14E}.Debug|Any CPU.ActiveCfg = Debug|Any CPU
		{981C5D6E-447E-43AC-9065-96DB740FA14E}.Debug|Any CPU.Build.0 = Debug|Any CPU
		{981C5D6E-447E-43AC-9065-96DB740FA14E}.Release|Any CPU.ActiveCfg = Release|Any CPU
		{981C5D6E-447E-43AC-9065-96DB740FA14E}.Release|Any CPU.Build.0 = Release|Any CPU
		{FC6ED0B9-92A3-494A-9E5F-66AA2EABEDE8}.Debug|Any CPU.ActiveCfg = Debug|Any CPU
		{FC6ED0B9-92A3-494A-9E5F-66AA2EABEDE8}.Debug|Any CPU.Build.0 = Debug|Any CPU
		{FC6ED0B9-92A3-494A-9E5F-66AA2EABEDE8}.Release|Any CPU.ActiveCfg = Release|Any CPU
		{FC6ED0B9-92A3-494A-9E5F-66AA2EABEDE8}.Release|Any CPU.Build.0 = Release|Any CPU
	EndGlobalSection
	GlobalSection(NestedProjects) = preSolution
		{16111DDE-6C02-4E20-87DF-577573E506B6} = {CC1CF76E-C74B-4F72-BD5A-D15D9AF74019}
		{981C5D6E-447E-43AC-9065-96DB740FA14E} = {CC1CF76E-C74B-4F72-BD5A-D15D9AF74019}
		{FC6ED0B9-92A3-494A-9E5F-66AA2EABEDE8} = {D518BF00-FFA6-4EC6-932A-C6582846F0DA}
	EndGlobalSection
EndGlobal
